// !$*UTF8*$!
{
	archiveVersion = 1;
	classes = {
	};
	objectVersion = 56;
	objects = {

/* Begin PBXBuildFile section */
		E98B587F2C4FD1E3007F88F2 /* AppDelegate.swift in Sources */ = {isa = PBXBuildFile; fileRef = E98B587E2C4FD1E3007F88F2 /* AppDelegate.swift */; };
		E98B58812C4FD1E3007F88F2 /* GameScene.sks in Resources */ = {isa = PBXBuildFile; fileRef = E98B58802C4FD1E3007F88F2 /* GameScene.sks */; };
		E98B58852C4FD1E3007F88F2 /* GameScene.swift in Sources */ = {isa = PBXBuildFile; fileRef = E98B58842C4FD1E3007F88F2 /* GameScene.swift */; };
		E98B58872C4FD1E3007F88F2 /* GameViewController.swift in Sources */ = {isa = PBXBuildFile; fileRef = E98B58862C4FD1E3007F88F2 /* GameViewController.swift */; };
		E98B588A2C4FD1E3007F88F2 /* Base in Resources */ = {isa = PBXBuildFile; fileRef = E98B58892C4FD1E3007F88F2 /* Base */; };
		E98B588C2C4FD1E3007F88F2 /* Assets.xcassets in Resources */ = {isa = PBXBuildFile; fileRef = E98B588B2C4FD1E3007F88F2 /* Assets.xcassets */; };
		E98B588F2C4FD1E3007F88F2 /* Base in Resources */ = {isa = PBXBuildFile; fileRef = E98B588E2C4FD1E3007F88F2 /* Base */; };
		E98B58A52C4FD4EC007F88F2 /* background@2x.jpg in Resources */ = {isa = PBXBuildFile; fileRef = E98B58952C4FD4EC007F88F2 /* background@2x.jpg */; };
		E98B58A62C4FD4EC007F88F2 /* ballBlue@2x.png in Resources */ = {isa = PBXBuildFile; fileRef = E98B58962C4FD4EC007F88F2 /* ballBlue@2x.png */; };
		E98B58A72C4FD4ED007F88F2 /* ballCyan@2x.png in Resources */ = {isa = PBXBuildFile; fileRef = E98B58972C4FD4EC007F88F2 /* ballCyan@2x.png */; };
		E98B58A82C4FD4ED007F88F2 /* ballGreen@2x.png in Resources */ = {isa = PBXBuildFile; fileRef = E98B58982C4FD4EC007F88F2 /* ballGreen@2x.png */; };
		E98B58A92C4FD4ED007F88F2 /* ballGrey@2x.png in Resources */ = {isa = PBXBuildFile; fileRef = E98B58992C4FD4EC007F88F2 /* ballGrey@2x.png */; };
		E98B58AA2C4FD4ED007F88F2 /* ballPurple@2x.png in Resources */ = {isa = PBXBuildFile; fileRef = E98B589A2C4FD4EC007F88F2 /* ballPurple@2x.png */; };
		E98B58AB2C4FD4ED007F88F2 /* ballRed@2x.png in Resources */ = {isa = PBXBuildFile; fileRef = E98B589B2C4FD4EC007F88F2 /* ballRed@2x.png */; };
		E98B58AC2C4FD4ED007F88F2 /* ballYellow@2x.png in Resources */ = {isa = PBXBuildFile; fileRef = E98B589C2C4FD4EC007F88F2 /* ballYellow@2x.png */; };
		E98B58AD2C4FD4ED007F88F2 /* bouncer@2x.png in Resources */ = {isa = PBXBuildFile; fileRef = E98B589D2C4FD4EC007F88F2 /* bouncer@2x.png */; };
		E98B58AE2C4FD4ED007F88F2 /* FireParticles.sks in Resources */ = {isa = PBXBuildFile; fileRef = E98B589E2C4FD4EC007F88F2 /* FireParticles.sks */; };
		E98B58AF2C4FD4ED007F88F2 /* slotBaseBad@2x.png in Resources */ = {isa = PBXBuildFile; fileRef = E98B589F2C4FD4EC007F88F2 /* slotBaseBad@2x.png */; };
		E98B58B02C4FD4ED007F88F2 /* slotBaseGood@2x.png in Resources */ = {isa = PBXBuildFile; fileRef = E98B58A02C4FD4EC007F88F2 /* slotBaseGood@2x.png */; };
		E98B58B12C4FD4ED007F88F2 /* slotGlowBad@2x.png in Resources */ = {isa = PBXBuildFile; fileRef = E98B58A12C4FD4EC007F88F2 /* slotGlowBad@2x.png */; };
		E98B58B22C4FD4ED007F88F2 /* slotGlowGood@2x.png in Resources */ = {isa = PBXBuildFile; fileRef = E98B58A22C4FD4EC007F88F2 /* slotGlowGood@2x.png */; };
		E98B58B32C4FD4ED007F88F2 /* spark.png in Resources */ = {isa = PBXBuildFile; fileRef = E98B58A32C4FD4EC007F88F2 /* spark.png */; };
/* End PBXBuildFile section */

/* Begin PBXFileReference section */
		E98B587B2C4FD1E3007F88F2 /* Project11.app */ = {isa = PBXFileReference; explicitFileType = wrapper.application; includeInIndex = 0; path = Project11.app; sourceTree = BUILT_PRODUCTS_DIR; };
		E98B587E2C4FD1E3007F88F2 /* AppDelegate.swift */ = {isa = PBXFileReference; lastKnownFileType = sourcecode.swift; path = AppDelegate.swift; sourceTree = "<group>"; };
		E98B58802C4FD1E3007F88F2 /* GameScene.sks */ = {isa = PBXFileReference; lastKnownFileType = file.sks; path = GameScene.sks; sourceTree = "<group>"; };
		E98B58842C4FD1E3007F88F2 /* GameScene.swift */ = {isa = PBXFileReference; lastKnownFileType = sourcecode.swift; path = GameScene.swift; sourceTree = "<group>"; };
		E98B58862C4FD1E3007F88F2 /* GameViewController.swift */ = {isa = PBXFileReference; lastKnownFileType = sourcecode.swift; path = GameViewController.swift; sourceTree = "<group>"; };
		E98B58892C4FD1E3007F88F2 /* Base */ = {isa = PBXFileReference; lastKnownFileType = file.storyboard; name = Base; path = Base.lproj/Main.storyboard; sourceTree = "<group>"; };
		E98B588B2C4FD1E3007F88F2 /* Assets.xcassets */ = {isa = PBXFileReference; lastKnownFileType = folder.assetcatalog; path = Assets.xcassets; sourceTree = "<group>"; };
		E98B588E2C4FD1E3007F88F2 /* Base */ = {isa = PBXFileReference; lastKnownFileType = file.storyboard; name = Base; path = Base.lproj/LaunchScreen.storyboard; sourceTree = "<group>"; };
		E98B58952C4FD4EC007F88F2 /* background@2x.jpg */ = {isa = PBXFileReference; lastKnownFileType = image.jpeg; path = "background@2x.jpg"; sourceTree = "<group>"; };
		E98B58962C4FD4EC007F88F2 /* ballBlue@2x.png */ = {isa = PBXFileReference; lastKnownFileType = image.png; path = "ballBlue@2x.png"; sourceTree = "<group>"; };
		E98B58972C4FD4EC007F88F2 /* ballCyan@2x.png */ = {isa = PBXFileReference; lastKnownFileType = image.png; path = "ballCyan@2x.png"; sourceTree = "<group>"; };
		E98B58982C4FD4EC007F88F2 /* ballGreen@2x.png */ = {isa = PBXFileReference; lastKnownFileType = image.png; path = "ballGreen@2x.png"; sourceTree = "<group>"; };
		E98B58992C4FD4EC007F88F2 /* ballGrey@2x.png */ = {isa = PBXFileReference; lastKnownFileType = image.png; path = "ballGrey@2x.png"; sourceTree = "<group>"; };
		E98B589A2C4FD4EC007F88F2 /* ballPurple@2x.png */ = {isa = PBXFileReference; lastKnownFileType = image.png; path = "ballPurple@2x.png"; sourceTree = "<group>"; };
		E98B589B2C4FD4EC007F88F2 /* ballRed@2x.png */ = {isa = PBXFileReference; lastKnownFileType = image.png; path = "ballRed@2x.png"; sourceTree = "<group>"; };
		E98B589C2C4FD4EC007F88F2 /* ballYellow@2x.png */ = {isa = PBXFileReference; lastKnownFileType = image.png; path = "ballYellow@2x.png"; sourceTree = "<group>"; };
		E98B589D2C4FD4EC007F88F2 /* bouncer@2x.png */ = {isa = PBXFileReference; lastKnownFileType = image.png; path = "bouncer@2x.png"; sourceTree = "<group>"; };
		E98B589E2C4FD4EC007F88F2 /* FireParticles.sks */ = {isa = PBXFileReference; lastKnownFileType = file.sks; path = FireParticles.sks; sourceTree = "<group>"; };
		E98B589F2C4FD4EC007F88F2 /* slotBaseBad@2x.png */ = {isa = PBXFileReference; lastKnownFileType = image.png; path = "slotBaseBad@2x.png"; sourceTree = "<group>"; };
		E98B58A02C4FD4EC007F88F2 /* slotBaseGood@2x.png */ = {isa = PBXFileReference; lastKnownFileType = image.png; path = "slotBaseGood@2x.png"; sourceTree = "<group>"; };
		E98B58A12C4FD4EC007F88F2 /* slotGlowBad@2x.png */ = {isa = PBXFileReference; lastKnownFileType = image.png; path = "slotGlowBad@2x.png"; sourceTree = "<group>"; };
		E98B58A22C4FD4EC007F88F2 /* slotGlowGood@2x.png */ = {isa = PBXFileReference; lastKnownFileType = image.png; path = "slotGlowGood@2x.png"; sourceTree = "<group>"; };
		E98B58A32C4FD4EC007F88F2 /* spark.png */ = {isa = PBXFileReference; lastKnownFileType = image.png; path = spark.png; sourceTree = "<group>"; };
/* End PBXFileReference section */

/* Begin PBXFrameworksBuildPhase section */
		E98B58782C4FD1E3007F88F2 /* Frameworks */ = {
			isa = PBXFrameworksBuildPhase;
			buildActionMask = 2147483647;
			files = (
			);
			runOnlyForDeploymentPostprocessing = 0;
		};
/* End PBXFrameworksBuildPhase section */

/* Begin PBXGroup section */
		E98B58722C4FD1E3007F88F2 = {
			isa = PBXGroup;
			children = (
				E98B587D2C4FD1E3007F88F2 /* Project11 */,
				E98B587C2C4FD1E3007F88F2 /* Products */,
			);
			sourceTree = "<group>";
		};
		E98B587C2C4FD1E3007F88F2 /* Products */ = {
			isa = PBXGroup;
			children = (
				E98B587B2C4FD1E3007F88F2 /* Project11.app */,
			);
			name = Products;
			sourceTree = "<group>";
		};
		E98B587D2C4FD1E3007F88F2 /* Project11 */ = {
			isa = PBXGroup;
			children = (
				E98B587E2C4FD1E3007F88F2 /* AppDelegate.swift */,
				E98B58802C4FD1E3007F88F2 /* GameScene.sks */,
				E98B58842C4FD1E3007F88F2 /* GameScene.swift */,
				E98B58862C4FD1E3007F88F2 /* GameViewController.swift */,
				E98B58882C4FD1E3007F88F2 /* Main.storyboard */,
				E98B588B2C4FD1E3007F88F2 /* Assets.xcassets */,
				E98B588D2C4FD1E3007F88F2 /* LaunchScreen.storyboard */,
				E98B58A42C4FD4EC007F88F2 /* Content */,
			);
			path = Project11;
			sourceTree = "<group>";
		};
		E98B58A42C4FD4EC007F88F2 /* Content */ = {
			isa = PBXGroup;
			children = (
				E98B58952C4FD4EC007F88F2 /* background@2x.jpg */,
				E98B58962C4FD4EC007F88F2 /* ballBlue@2x.png */,
				E98B58972C4FD4EC007F88F2 /* ballCyan@2x.png */,
				E98B58982C4FD4EC007F88F2 /* ballGreen@2x.png */,
				E98B58992C4FD4EC007F88F2 /* ballGrey@2x.png */,
				E98B589A2C4FD4EC007F88F2 /* ballPurple@2x.png */,
				E98B589B2C4FD4EC007F88F2 /* ballRed@2x.png */,
				E98B589C2C4FD4EC007F88F2 /* ballYellow@2x.png */,
				E98B589D2C4FD4EC007F88F2 /* bouncer@2x.png */,
				E98B589E2C4FD4EC007F88F2 /* FireParticles.sks */,
				E98B589F2C4FD4EC007F88F2 /* slotBaseBad@2x.png */,
				E98B58A02C4FD4EC007F88F2 /* slotBaseGood@2x.png */,
				E98B58A12C4FD4EC007F88F2 /* slotGlowBad@2x.png */,
				E98B58A22C4FD4EC007F88F2 /* slotGlowGood@2x.png */,
				E98B58A32C4FD4EC007F88F2 /* spark.png */,
			);
			path = Content;
			sourceTree = "<group>";
		};
/* End PBXGroup section */

/* Begin PBXNativeTarget section */
		E98B587A2C4FD1E3007F88F2 /* Project11 */ = {
			isa = PBXNativeTarget;
			buildConfigurationList = E98B58922C4FD1E3007F88F2 /* Build configuration list for PBXNativeTarget "Project11" */;
			buildPhases = (
				E98B58772C4FD1E3007F88F2 /* Sources */,
				E98B58782C4FD1E3007F88F2 /* Frameworks */,
				E98B58792C4FD1E3007F88F2 /* Resources */,
			);
			buildRules = (
			);
			dependencies = (
			);
			name = Project11;
			productName = Project11;
			productReference = E98B587B2C4FD1E3007F88F2 /* Project11.app */;
			productType = "com.apple.product-type.application";
		};
/* End PBXNativeTarget section */

/* Begin PBXProject section */
		E98B58732C4FD1E3007F88F2 /* Project object */ = {
			isa = PBXProject;
			attributes = {
				BuildIndependentTargetsInParallel = 1;
				LastSwiftUpdateCheck = 1540;
				LastUpgradeCheck = 1540;
				TargetAttributes = {
					E98B587A2C4FD1E3007F88F2 = {
						CreatedOnToolsVersion = 15.4;
					};
				};
			};
			buildConfigurationList = E98B58762C4FD1E3007F88F2 /* Build configuration list for PBXProject "Project11" */;
			compatibilityVersion = "Xcode 14.0";
			developmentRegion = en;
			hasScannedForEncodings = 0;
			knownRegions = (
				en,
				Base,
			);
			mainGroup = E98B58722C4FD1E3007F88F2;
			productRefGroup = E98B587C2C4FD1E3007F88F2 /* Products */;
			projectDirPath = "";
			projectRoot = "";
			targets = (
				E98B587A2C4FD1E3007F88F2 /* Project11 */,
			);
		};
/* End PBXProject section */

/* Begin PBXResourcesBuildPhase section */
		E98B58792C4FD1E3007F88F2 /* Resources */ = {
			isa = PBXResourcesBuildPhase;
			buildActionMask = 2147483647;
			files = (
				E98B58812C4FD1E3007F88F2 /* GameScene.sks in Resources */,
				E98B58AC2C4FD4ED007F88F2 /* ballYellow@2x.png in Resources */,
				E98B58AA2C4FD4ED007F88F2 /* ballPurple@2x.png in Resources */,
				E98B58AB2C4FD4ED007F88F2 /* ballRed@2x.png in Resources */,
				E98B58A82C4FD4ED007F88F2 /* ballGreen@2x.png in Resources */,
				E98B58AF2C4FD4ED007F88F2 /* slotBaseBad@2x.png in Resources */,
				E98B58B32C4FD4ED007F88F2 /* spark.png in Resources */,
				E98B58B02C4FD4ED007F88F2 /* slotBaseGood@2x.png in Resources */,
				E98B588A2C4FD1E3007F88F2 /* Base in Resources */,
				E98B58B22C4FD4ED007F88F2 /* slotGlowGood@2x.png in Resources */,
				E98B58A72C4FD4ED007F88F2 /* ballCyan@2x.png in Resources */,
				E98B58A92C4FD4ED007F88F2 /* ballGrey@2x.png in Resources */,
				E98B588C2C4FD1E3007F88F2 /* Assets.xcassets in Resources */,
				E98B58A52C4FD4EC007F88F2 /* background@2x.jpg in Resources */,
				E98B58AD2C4FD4ED007F88F2 /* bouncer@2x.png in Resources */,
				E98B588F2C4FD1E3007F88F2 /* Base in Resources */,
				E98B58A62C4FD4EC007F88F2 /* ballBlue@2x.png in Resources */,
				E98B58AE2C4FD4ED007F88F2 /* FireParticles.sks in Resources */,
				E98B58B12C4FD4ED007F88F2 /* slotGlowBad@2x.png in Resources */,
			);
			runOnlyForDeploymentPostprocessing = 0;
		};
/* End PBXResourcesBuildPhase section */

/* Begin PBXSourcesBuildPhase section */
		E98B58772C4FD1E3007F88F2 /* Sources */ = {
			isa = PBXSourcesBuildPhase;
			buildActionMask = 2147483647;
			files = (
				E98B58852C4FD1E3007F88F2 /* GameScene.swift in Sources */,
				E98B58872C4FD1E3007F88F2 /* GameViewController.swift in Sources */,
				E98B587F2C4FD1E3007F88F2 /* AppDelegate.swift in Sources */,
			);
			runOnlyForDeploymentPostprocessing = 0;
		};
/* End PBXSourcesBuildPhase section */

/* Begin PBXVariantGroup section */
		E98B58882C4FD1E3007F88F2 /* Main.storyboard */ = {
			isa = PBXVariantGroup;
			children = (
				E98B58892C4FD1E3007F88F2 /* Base */,
			);
			name = Main.storyboard;
			sourceTree = "<group>";
		};
		E98B588D2C4FD1E3007F88F2 /* LaunchScreen.storyboard */ = {
			isa = PBXVariantGroup;
			children = (
				E98B588E2C4FD1E3007F88F2 /* Base */,
			);
			name = LaunchScreen.storyboard;
			sourceTree = "<group>";
		};
/* End PBXVariantGroup section */

/* Begin XCBuildConfiguration section */
		E98B58902C4FD1E3007F88F2 /* Debug */ = {
			isa = XCBuildConfiguration;
			buildSettings = {
				ALWAYS_SEARCH_USER_PATHS = NO;
				ASSETCATALOG_COMPILER_GENERATE_SWIFT_ASSET_SYMBOL_EXTENSIONS = YES;
				CLANG_ANALYZER_NONNULL = YES;
				CLANG_ANALYZER_NUMBER_OBJECT_CONVERSION = YES_AGGRESSIVE;
				CLANG_CXX_LANGUAGE_STANDARD = "gnu++20";
				CLANG_ENABLE_MODULES = YES;
				CLANG_ENABLE_OBJC_ARC = YES;
				CLANG_ENABLE_OBJC_WEAK = YES;
				CLANG_WARN_BLOCK_CAPTURE_AUTORELEASING = YES;
				CLANG_WARN_BOOL_CONVERSION = YES;
				CLANG_WARN_COMMA = YES;
				CLANG_WARN_CONSTANT_CONVERSION = YES;
				CLANG_WARN_DEPRECATED_OBJC_IMPLEMENTATIONS = YES;
				CLANG_WARN_DIRECT_OBJC_ISA_USAGE = YES_ERROR;
				CLANG_WARN_DOCUMENTATION_COMMENTS = YES;
				CLANG_WARN_EMPTY_BODY = YES;
				CLANG_WARN_ENUM_CONVERSION = YES;
				CLANG_WARN_INFINITE_RECURSION = YES;
				CLANG_WARN_INT_CONVERSION = YES;
				CLANG_WARN_NON_LITERAL_NULL_CONVERSION = YES;
				CLANG_WARN_OBJC_IMPLICIT_RETAIN_SELF = YES;
				CLANG_WARN_OBJC_LITERAL_CONVERSION = YES;
				CLANG_WARN_OBJC_ROOT_CLASS = YES_ERROR;
				CLANG_WARN_QUOTED_INCLUDE_IN_FRAMEWORK_HEADER = YES;
				CLANG_WARN_RANGE_LOOP_ANALYSIS = YES;
				CLANG_WARN_STRICT_PROTOTYPES = YES;
				CLANG_WARN_SUSPICIOUS_MOVE = YES;
				CLANG_WARN_UNGUARDED_AVAILABILITY = YES_AGGRESSIVE;
				CLANG_WARN_UNREACHABLE_CODE = YES;
				CLANG_WARN__DUPLICATE_METHOD_MATCH = YES;
				COPY_PHASE_STRIP = NO;
				DEBUG_INFORMATION_FORMAT = dwarf;
				ENABLE_STRICT_OBJC_MSGSEND = YES;
				ENABLE_TESTABILITY = YES;
				ENABLE_USER_SCRIPT_SANDBOXING = YES;
				GCC_C_LANGUAGE_STANDARD = gnu17;
				GCC_DYNAMIC_NO_PIC = NO;
				GCC_NO_COMMON_BLOCKS = YES;
				GCC_OPTIMIZATION_LEVEL = 0;
				GCC_PREPROCESSOR_DEFINITIONS = (
					"DEBUG=1",
					"$(inherited)",
				);
				GCC_WARN_64_TO_32_BIT_CONVERSION = YES;
				GCC_WARN_ABOUT_RETURN_TYPE = YES_ERROR;
				GCC_WARN_UNDECLARED_SELECTOR = YES;
				GCC_WARN_UNINITIALIZED_AUTOS = YES_AGGRESSIVE;
				GCC_WARN_UNUSED_FUNCTION = YES;
				GCC_WARN_UNUSED_VARIABLE = YES;
				IPHONEOS_DEPLOYMENT_TARGET = 17.5;
				LOCALIZATION_PREFERS_STRING_CATALOGS = YES;
				MTL_ENABLE_DEBUG_INFO = INCLUDE_SOURCE;
				MTL_FAST_MATH = YES;
				ONLY_ACTIVE_ARCH = YES;
				SDKROOT = iphoneos;
				SWIFT_ACTIVE_COMPILATION_CONDITIONS = "DEBUG $(inherited)";
				SWIFT_OPTIMIZATION_LEVEL = "-Onone";
			};
			name = Debug;
		};
		E98B58912C4FD1E3007F88F2 /* Release */ = {
			isa = XCBuildConfiguration;
			buildSettings = {
				ALWAYS_SEARCH_USER_PATHS = NO;
				ASSETCATALOG_COMPILER_GENERATE_SWIFT_ASSET_SYMBOL_EXTENSIONS = YES;
				CLANG_ANALYZER_NONNULL = YES;
				CLANG_ANALYZER_NUMBER_OBJECT_CONVERSION = YES_AGGRESSIVE;
				CLANG_CXX_LANGUAGE_STANDARD = "gnu++20";
				CLANG_ENABLE_MODULES = YES;
				CLANG_ENABLE_OBJC_ARC = YES;
				CLANG_ENABLE_OBJC_WEAK = YES;
				CLANG_WARN_BLOCK_CAPTURE_AUTORELEASING = YES;
				CLANG_WARN_BOOL_CONVERSION = YES;
				CLANG_WARN_COMMA = YES;
				CLANG_WARN_CONSTANT_CONVERSION = YES;
				CLANG_WARN_DEPRECATED_OBJC_IMPLEMENTATIONS = YES;
				CLANG_WARN_DIRECT_OBJC_ISA_USAGE = YES_ERROR;
				CLANG_WARN_DOCUMENTATION_COMMENTS = YES;
				CLANG_WARN_EMPTY_BODY = YES;
				CLANG_WARN_ENUM_CONVERSION = YES;
				CLANG_WARN_INFINITE_RECURSION = YES;
				CLANG_WARN_INT_CONVERSION = YES;
				CLANG_WARN_NON_LITERAL_NULL_CONVERSION = YES;
				CLANG_WARN_OBJC_IMPLICIT_RETAIN_SELF = YES;
				CLANG_WARN_OBJC_LITERAL_CONVERSION = YES;
				CLANG_WARN_OBJC_ROOT_CLASS = YES_ERROR;
				CLANG_WARN_QUOTED_INCLUDE_IN_FRAMEWORK_HEADER = YES;
				CLANG_WARN_RANGE_LOOP_ANALYSIS = YES;
				CLANG_WARN_STRICT_PROTOTYPES = YES;
				CLANG_WARN_SUSPICIOUS_MOVE = YES;
				CLANG_WARN_UNGUARDED_AVAILABILITY = YES_AGGRESSIVE;
				CLANG_WARN_UNREACHABLE_CODE = YES;
				CLANG_WARN__DUPLICATE_METHOD_MATCH = YES;
				COPY_PHASE_STRIP = NO;
				DEBUG_INFORMATION_FORMAT = "dwarf-with-dsym";
				ENABLE_NS_ASSERTIONS = NO;
				ENABLE_STRICT_OBJC_MSGSEND = YES;
				ENABLE_USER_SCRIPT_SANDBOXING = YES;
				GCC_C_LANGUAGE_STANDARD = gnu17;
				GCC_NO_COMMON_BLOCKS = YES;
				GCC_WARN_64_TO_32_BIT_CONVERSION = YES;
				GCC_WARN_ABOUT_RETURN_TYPE = YES_ERROR;
				GCC_WARN_UNDECLARED_SELECTOR = YES;
				GCC_WARN_UNINITIALIZED_AUTOS = YES_AGGRESSIVE;
				GCC_WARN_UNUSED_FUNCTION = YES;
				GCC_WARN_UNUSED_VARIABLE = YES;
				IPHONEOS_DEPLOYMENT_TARGET = 17.5;
				LOCALIZATION_PREFERS_STRING_CATALOGS = YES;
				MTL_ENABLE_DEBUG_INFO = NO;
				MTL_FAST_MATH = YES;
				SDKROOT = iphoneos;
				SWIFT_COMPILATION_MODE = wholemodule;
				VALIDATE_PRODUCT = YES;
			};
			name = Release;
		};
		E98B58932C4FD1E3007F88F2 /* Debug */ = {
			isa = XCBuildConfiguration;
			buildSettings = {
				ASSETCATALOG_COMPILER_APPICON_NAME = AppIcon;
				ASSETCATALOG_COMPILER_GLOBAL_ACCENT_COLOR_NAME = AccentColor;
				CODE_SIGN_STYLE = Automatic;
				CURRENT_PROJECT_VERSION = 1;
				GENERATE_INFOPLIST_FILE = YES;
				INFOPLIST_KEY_UIApplicationSupportsIndirectInputEvents = YES;
				INFOPLIST_KEY_UILaunchStoryboardName = LaunchScreen;
				INFOPLIST_KEY_UIMainStoryboardFile = Main;
				INFOPLIST_KEY_UIStatusBarHidden = YES;
				INFOPLIST_KEY_UISupportedInterfaceOrientations = "UIInterfaceOrientationLandscapeLeft UIInterfaceOrientationLandscapeRight UIInterfaceOrientationPortrait";
				INFOPLIST_KEY_UISupportedInterfaceOrientations_iPad = "UIInterfaceOrientationLandscapeLeft UIInterfaceOrientationLandscapeRight";
				LD_RUNPATH_SEARCH_PATHS = (
					"$(inherited)",
					"@executable_path/Frameworks",
				);
				MARKETING_VERSION = 1.0;
				PRODUCT_BUNDLE_IDENTIFIER = adam5.Project11;
				PRODUCT_NAME = "$(TARGET_NAME)";
				SUPPORTED_PLATFORMS = "iphoneos iphonesimulator";
				SUPPORTS_MACCATALYST = NO;
				SUPPORTS_MAC_DESIGNED_FOR_IPHONE_IPAD = NO;
				SUPPORTS_XR_DESIGNED_FOR_IPHONE_IPAD = NO;
				SWIFT_EMIT_LOC_STRINGS = YES;
				SWIFT_VERSION = 5.0;
				TARGETED_DEVICE_FAMILY = 2;
			};
			name = Debug;
		};
		E98B58942C4FD1E3007F88F2 /* Release */ = {
			isa = XCBuildConfiguration;
			buildSettings = {
				ASSETCATALOG_COMPILER_APPICON_NAME = AppIcon;
				ASSETCATALOG_COMPILER_GLOBAL_ACCENT_COLOR_NAME = AccentColor;
				CODE_SIGN_STYLE = Automatic;
				CURRENT_PROJECT_VERSION = 1;
				GENERATE_INFOPLIST_FILE = YES;
				INFOPLIST_KEY_UIApplicationSupportsIndirectInputEvents = YES;
				INFOPLIST_KEY_UILaunchStoryboardName = LaunchScreen;
				INFOPLIST_KEY_UIMainStoryboardFile = Main;
				INFOPLIST_KEY_UIStatusBarHidden = YES;
				INFOPLIST_KEY_UISupportedInterfaceOrientations = "UIInterfaceOrientationLandscapeLeft UIInterfaceOrientationLandscapeRight UIInterfaceOrientationPortrait";
				INFOPLIST_KEY_UISupportedInterfaceOrientations_iPad = "UIInterfaceOrientationLandscapeLeft UIInterfaceOrientationLandscapeRight";
				LD_RUNPATH_SEARCH_PATHS = (
					"$(inherited)",
					"@executable_path/Frameworks",
				);
				MARKETING_VERSION = 1.0;
				PRODUCT_BUNDLE_IDENTIFIER = adam5.Project11;
				PRODUCT_NAME = "$(TARGET_NAME)";
				SUPPORTED_PLATFORMS = "iphoneos iphonesimulator";
				SUPPORTS_MACCATALYST = NO;
				SUPPORTS_MAC_DESIGNED_FOR_IPHONE_IPAD = NO;
				SUPPORTS_XR_DESIGNED_FOR_IPHONE_IPAD = NO;
				SWIFT_EMIT_LOC_STRINGS = YES;
				SWIFT_VERSION = 5.0;
				TARGETED_DEVICE_FAMILY = 2;
			};
			name = Release;
		};
/* End XCBuildConfiguration section */

/* Begin XCConfigurationList section */
		E98B58762C4FD1E3007F88F2 /* Build configuration list for PBXProject "Project11" */ = {
			isa = XCConfigurationList;
			buildConfigurations = (
				E98B58902C4FD1E3007F88F2 /* Debug */,
				E98B58912C4FD1E3007F88F2 /* Release */,
			);
			defaultConfigurationIsVisible = 0;
			defaultConfigurationName = Release;
		};
		E98B58922C4FD1E3007F88F2 /* Build configuration list for PBXNativeTarget "Project11" */ = {
			isa = XCConfigurationList;
			buildConfigurations = (
				E98B58932C4FD1E3007F88F2 /* Debug */,
				E98B58942C4FD1E3007F88F2 /* Release */,
			);
			defaultConfigurationIsVisible = 0;
			defaultConfigurationName = Release;
		};
/* End XCConfigurationList section */
	};
	rootObject = E98B58732C4FD1E3007F88F2 /* Project object */;
}
